// !$*UTF8*$!
{
	archiveVersion = 1;
	classes = {
	};
	objectVersion = 50;
	objects = {

/* Begin PBXBuildFile section */
		5E48AD9926291BA6000C48CF /* ChatRoom.storyboard in Resources */ = {isa = PBXBuildFile; fileRef = 5E48AD9826291BA6000C48CF /* ChatRoom.storyboard */; };
		5E48AD9D26291C74000C48CF /* ChatRoomViewController.swift in Sources */ = {isa = PBXBuildFile; fileRef = 5E48AD9C26291C74000C48CF /* ChatRoomViewController.swift */; };
		5E82DB482629119700636647 /* UIColor-Extention.swift in Sources */ = {isa = PBXBuildFile; fileRef = 5E82DB472629119700636647 /* UIColor-Extention.swift */; };
		5EEDBE7A262921DF00F17A2B /* ChatRoomTableViewCell.xib in Resources */ = {isa = PBXBuildFile; fileRef = 5EEDBE79262921DF00F17A2B /* ChatRoomTableViewCell.xib */; };
		5EEDBE7E2629248C00F17A2B /* ChatRoomTableViewCell.swift in Sources */ = {isa = PBXBuildFile; fileRef = 5EEDBE7D2629248C00F17A2B /* ChatRoomTableViewCell.swift */; };
		5EF9754626280A9C00661738 /* AppDelegate.swift in Sources */ = {isa = PBXBuildFile; fileRef = 5EF9754526280A9C00661738 /* AppDelegate.swift */; };
		5EF9754826280A9C00661738 /* SceneDelegate.swift in Sources */ = {isa = PBXBuildFile; fileRef = 5EF9754726280A9C00661738 /* SceneDelegate.swift */; };
		5EF9754F26280A9E00661738 /* Assets.xcassets in Resources */ = {isa = PBXBuildFile; fileRef = 5EF9754E26280A9E00661738 /* Assets.xcassets */; };
		5EF9755226280A9E00661738 /* LaunchScreen.storyboard in Resources */ = {isa = PBXBuildFile; fileRef = 5EF9755026280A9E00661738 /* LaunchScreen.storyboard */; };
		5EF9755B26280B0000661738 /* ChatList.storyboard in Resources */ = {isa = PBXBuildFile; fileRef = 5EF9755A26280B0000661738 /* ChatList.storyboard */; };
		5EF9755F26280BE000661738 /* ChatListViewController.swift in Sources */ = {isa = PBXBuildFile; fileRef = 5EF9755E26280BE000661738 /* ChatListViewController.swift */; };
/* End PBXBuildFile section */

/* Begin PBXFileReference section */
		5E48AD9826291BA6000C48CF /* ChatRoom.storyboard */ = {isa = PBXFileReference; lastKnownFileType = file.storyboard; path = ChatRoom.storyboard; sourceTree = "<group>"; };
		5E48AD9C26291C74000C48CF /* ChatRoomViewController.swift */ = {isa = PBXFileReference; lastKnownFileType = sourcecode.swift; path = ChatRoomViewController.swift; sourceTree = "<group>"; };
		5E82DB472629119700636647 /* UIColor-Extention.swift */ = {isa = PBXFileReference; lastKnownFileType = sourcecode.swift; path = "UIColor-Extention.swift"; sourceTree = "<group>"; };
		5EEDBE79262921DF00F17A2B /* ChatRoomTableViewCell.xib */ = {isa = PBXFileReference; lastKnownFileType = file.xib; path = ChatRoomTableViewCell.xib; sourceTree = "<group>"; };
		5EEDBE7D2629248C00F17A2B /* ChatRoomTableViewCell.swift */ = {isa = PBXFileReference; lastKnownFileType = sourcecode.swift; path = ChatRoomTableViewCell.swift; sourceTree = "<group>"; };
		5EF9754226280A9C00661738 /* ChitChatClub.app */ = {isa = PBXFileReference; explicitFileType = wrapper.application; includeInIndex = 0; path = ChitChatClub.app; sourceTree = BUILT_PRODUCTS_DIR; };
		5EF9754526280A9C00661738 /* AppDelegate.swift */ = {isa = PBXFileReference; lastKnownFileType = sourcecode.swift; path = AppDelegate.swift; sourceTree = "<group>"; };
		5EF9754726280A9C00661738 /* SceneDelegate.swift */ = {isa = PBXFileReference; lastKnownFileType = sourcecode.swift; path = SceneDelegate.swift; sourceTree = "<group>"; };
		5EF9754E26280A9E00661738 /* Assets.xcassets */ = {isa = PBXFileReference; lastKnownFileType = folder.assetcatalog; path = Assets.xcassets; sourceTree = "<group>"; };
		5EF9755126280A9E00661738 /* Base */ = {isa = PBXFileReference; lastKnownFileType = file.storyboard; name = Base; path = Base.lproj/LaunchScreen.storyboard; sourceTree = "<group>"; };
		5EF9755326280A9E00661738 /* Info.plist */ = {isa = PBXFileReference; lastKnownFileType = text.plist.xml; path = Info.plist; sourceTree = "<group>"; };
		5EF9755A26280B0000661738 /* ChatList.storyboard */ = {isa = PBXFileReference; lastKnownFileType = file.storyboard; path = ChatList.storyboard; sourceTree = "<group>"; };
		5EF9755E26280BE000661738 /* ChatListViewController.swift */ = {isa = PBXFileReference; lastKnownFileType = sourcecode.swift; path = ChatListViewController.swift; sourceTree = "<group>"; };
/* End PBXFileReference section */

/* Begin PBXFrameworksBuildPhase section */
		5EF9753F26280A9C00661738 /* Frameworks */ = {
			isa = PBXFrameworksBuildPhase;
			buildActionMask = 2147483647;
			files = (
			);
			runOnlyForDeploymentPostprocessing = 0;
		};
/* End PBXFrameworksBuildPhase section */

/* Begin PBXGroup section */
		5EF9753926280A9C00661738 = {
			isa = PBXGroup;
			children = (
				5EF9754426280A9C00661738 /* ChitChatClub */,
				5EF9754326280A9C00661738 /* Products */,
			);
			sourceTree = "<group>";
		};
		5EF9754326280A9C00661738 /* Products */ = {
			isa = PBXGroup;
			children = (
				5EF9754226280A9C00661738 /* ChitChatClub.app */,
			);
			name = Products;
			sourceTree = "<group>";
		};
		5EF9754426280A9C00661738 /* ChitChatClub */ = {
			isa = PBXGroup;
			children = (
				5EF9754526280A9C00661738 /* AppDelegate.swift */,
				5EF9754726280A9C00661738 /* SceneDelegate.swift */,
				5EF9756226280BFE00661738 /* Controller */,
				5EF9756126280BEB00661738 /* View */,
				5EF9755326280A9E00661738 /* Info.plist */,
			);
			path = ChitChatClub;
			sourceTree = "<group>";
		};
		5EF9756126280BEB00661738 /* View */ = {
			isa = PBXGroup;
			children = (
				5EF9755A26280B0000661738 /* ChatList.storyboard */,
				5E48AD9826291BA6000C48CF /* ChatRoom.storyboard */,
				5EEDBE79262921DF00F17A2B /* ChatRoomTableViewCell.xib */,
				5E82DB472629119700636647 /* UIColor-Extention.swift */,
				5EF9755026280A9E00661738 /* LaunchScreen.storyboard */,
				5EF9754E26280A9E00661738 /* Assets.xcassets */,
			);
			path = View;
			sourceTree = "<group>";
		};
		5EF9756226280BFE00661738 /* Controller */ = {
			isa = PBXGroup;
			children = (
				5EF9755E26280BE000661738 /* ChatListViewController.swift */,
				5E48AD9C26291C74000C48CF /* ChatRoomViewController.swift */,
				5EEDBE7D2629248C00F17A2B /* ChatRoomTableViewCell.swift */,
			);
			path = Controller;
			sourceTree = "<group>";
		};
/* End PBXGroup section */

/* Begin PBXNativeTarget section */
		5EF9754126280A9C00661738 /* ChitChatClub */ = {
			isa = PBXNativeTarget;
			buildConfigurationList = 5EF9755626280A9E00661738 /* Build configuration list for PBXNativeTarget "ChitChatClub" */;
			buildPhases = (
				5EF9753E26280A9C00661738 /* Sources */,
				5EF9753F26280A9C00661738 /* Frameworks */,
				5EF9754026280A9C00661738 /* Resources */,
			);
			buildRules = (
			);
			dependencies = (
			);
			name = ChitChatClub;
			productName = ChitChatClub;
			productReference = 5EF9754226280A9C00661738 /* ChitChatClub.app */;
			productType = "com.apple.product-type.application";
		};
/* End PBXNativeTarget section */

/* Begin PBXProject section */
		5EF9753A26280A9C00661738 /* Project object */ = {
			isa = PBXProject;
			attributes = {
				LastSwiftUpdateCheck = 1240;
				LastUpgradeCheck = 1240;
				TargetAttributes = {
					5EF9754126280A9C00661738 = {
						CreatedOnToolsVersion = 12.4;
					};
				};
			};
			buildConfigurationList = 5EF9753D26280A9C00661738 /* Build configuration list for PBXProject "ChitChatClub" */;
			compatibilityVersion = "Xcode 9.3";
			developmentRegion = en;
			hasScannedForEncodings = 0;
			knownRegions = (
				en,
				Base,
			);
			mainGroup = 5EF9753926280A9C00661738;
			productRefGroup = 5EF9754326280A9C00661738 /* Products */;
			projectDirPath = "";
			projectRoot = "";
			targets = (
				5EF9754126280A9C00661738 /* ChitChatClub */,
			);
		};
/* End PBXProject section */

/* Begin PBXResourcesBuildPhase section */
		5EF9754026280A9C00661738 /* Resources */ = {
			isa = PBXResourcesBuildPhase;
			buildActionMask = 2147483647;
			files = (
				5EEDBE7A262921DF00F17A2B /* ChatRoomTableViewCell.xib in Resources */,
				5EF9755226280A9E00661738 /* LaunchScreen.storyboard in Resources */,
				5EF9754F26280A9E00661738 /* Assets.xcassets in Resources */,
				5EF9755B26280B0000661738 /* ChatList.storyboard in Resources */,
				5E48AD9926291BA6000C48CF /* ChatRoom.storyboard in Resources */,
			);
			runOnlyForDeploymentPostprocessing = 0;
		};
/* End PBXResourcesBuildPhase section */

/* Begin PBXSourcesBuildPhase section */
		5EF9753E26280A9C00661738 /* Sources */ = {
			isa = PBXSourcesBuildPhase;
			buildActionMask = 2147483647;
			files = (
				5EF9754626280A9C00661738 /* AppDelegate.swift in Sources */,
				5EF9755F26280BE000661738 /* ChatListViewController.swift in Sources */,
				5E48AD9D26291C74000C48CF /* ChatRoomViewController.swift in Sources */,
				5E82DB482629119700636647 /* UIColor-Extention.swift in Sources */,
				5EEDBE7E2629248C00F17A2B /* ChatRoomTableViewCell.swift in Sources */,
				5EF9754826280A9C00661738 /* SceneDelegate.swift in Sources */,
			);
			runOnlyForDeploymentPostprocessing = 0;
		};
/* End PBXSourcesBuildPhase section */

/* Begin PBXVariantGroup section */
		5EF9755026280A9E00661738 /* LaunchScreen.storyboard */ = {
			isa = PBXVariantGroup;
			children = (
				5EF9755126280A9E00661738 /* Base */,
			);
			name = LaunchScreen.storyboard;
			sourceTree = "<group>";
		};
/* End PBXVariantGroup section */

/* Begin XCBuildConfiguration section */
		5EF9755426280A9E00661738 /* Debug */ = {
			isa = XCBuildConfiguration;
			buildSettings = {
				ALWAYS_SEARCH_USER_PATHS = NO;
				CLANG_ANALYZER_NONNULL = YES;
				CLANG_ANALYZER_NUMBER_OBJECT_CONVERSION = YES_AGGRESSIVE;
				CLANG_CXX_LANGUAGE_STANDARD = "gnu++14";
				CLANG_CXX_LIBRARY = "libc++";
				CLANG_ENABLE_MODULES = YES;
				CLANG_ENABLE_OBJC_ARC = YES;
				CLANG_ENABLE_OBJC_WEAK = YES;
				CLANG_WARN_BLOCK_CAPTURE_AUTORELEASING = YES;
				CLANG_WARN_BOOL_CONVERSION = YES;
				CLANG_WARN_COMMA = YES;
				CLANG_WARN_CONSTANT_CONVERSION = YES;
				CLANG_WARN_DEPRECATED_OBJC_IMPLEMENTATIONS = YES;
				CLANG_WARN_DIRECT_OBJC_ISA_USAGE = YES_ERROR;
				CLANG_WARN_DOCUMENTATION_COMMENTS = YES;
				CLANG_WARN_EMPTY_BODY = YES;
				CLANG_WARN_ENUM_CONVERSION = YES;
				CLANG_WARN_INFINITE_RECURSION = YES;
				CLANG_WARN_INT_CONVERSION = YES;
				CLANG_WARN_NON_LITERAL_NULL_CONVERSION = YES;
				CLANG_WARN_OBJC_IMPLICIT_RETAIN_SELF = YES;
				CLANG_WARN_OBJC_LITERAL_CONVERSION = YES;
				CLANG_WARN_OBJC_ROOT_CLASS = YES_ERROR;
				CLANG_WARN_QUOTED_INCLUDE_IN_FRAMEWORK_HEADER = YES;
				CLANG_WARN_RANGE_LOOP_ANALYSIS = YES;
				CLANG_WARN_STRICT_PROTOTYPES = YES;
				CLANG_WARN_SUSPICIOUS_MOVE = YES;
				CLANG_WARN_UNGUARDED_AVAILABILITY = YES_AGGRESSIVE;
				CLANG_WARN_UNREACHABLE_CODE = YES;
				CLANG_WARN__DUPLICATE_METHOD_MATCH = YES;
				COPY_PHASE_STRIP = NO;
				DEBUG_INFORMATION_FORMAT = dwarf;
				ENABLE_STRICT_OBJC_MSGSEND = YES;
				ENABLE_TESTABILITY = YES;
				GCC_C_LANGUAGE_STANDARD = gnu11;
				GCC_DYNAMIC_NO_PIC = NO;
				GCC_NO_COMMON_BLOCKS = YES;
				GCC_OPTIMIZATION_LEVEL = 0;
				GCC_PREPROCESSOR_DEFINITIONS = (
					"DEBUG=1",
					"$(inherited)",
				);
				GCC_WARN_64_TO_32_BIT_CONVERSION = YES;
				GCC_WARN_ABOUT_RETURN_TYPE = YES_ERROR;
				GCC_WARN_UNDECLARED_SELECTOR = YES;
				GCC_WARN_UNINITIALIZED_AUTOS = YES_AGGRESSIVE;
				GCC_WARN_UNUSED_FUNCTION = YES;
				GCC_WARN_UNUSED_VARIABLE = YES;
				IPHONEOS_DEPLOYMENT_TARGET = 14.4;
				MTL_ENABLE_DEBUG_INFO = INCLUDE_SOURCE;
				MTL_FAST_MATH = YES;
				ONLY_ACTIVE_ARCH = YES;
				SDKROOT = iphoneos;
				SWIFT_ACTIVE_COMPILATION_CONDITIONS = DEBUG;
				SWIFT_OPTIMIZATION_LEVEL = "-Onone";
			};
			name = Debug;
		};
		5EF9755526280A9E00661738 /* Release */ = {
			isa = XCBuildConfiguration;
			buildSettings = {
				ALWAYS_SEARCH_USER_PATHS = NO;
				CLANG_ANALYZER_NONNULL = YES;
				CLANG_ANALYZER_NUMBER_OBJECT_CONVERSION = YES_AGGRESSIVE;
				CLANG_CXX_LANGUAGE_STANDARD = "gnu++14";
				CLANG_CXX_LIBRARY = "libc++";
				CLANG_ENABLE_MODULES = YES;
				CLANG_ENABLE_OBJC_ARC = YES;
				CLANG_ENABLE_OBJC_WEAK = YES;
				CLANG_WARN_BLOCK_CAPTURE_AUTORELEASING = YES;
				CLANG_WARN_BOOL_CONVERSION = YES;
				CLANG_WARN_COMMA = YES;
				CLANG_WARN_CONSTANT_CONVERSION = YES;
				CLANG_WARN_DEPRECATED_OBJC_IMPLEMENTATIONS = YES;
				CLANG_WARN_DIRECT_OBJC_ISA_USAGE = YES_ERROR;
				CLANG_WARN_DOCUMENTATION_COMMENTS = YES;
				CLANG_WARN_EMPTY_BODY = YES;
				CLANG_WARN_ENUM_CONVERSION = YES;
				CLANG_WARN_INFINITE_RECURSION = YES;
				CLANG_WARN_INT_CONVERSION = YES;
				CLANG_WARN_NON_LITERAL_NULL_CONVERSION = YES;
				CLANG_WARN_OBJC_IMPLICIT_RETAIN_SELF = YES;
				CLANG_WARN_OBJC_LITERAL_CONVERSION = YES;
				CLANG_WARN_OBJC_ROOT_CLASS = YES_ERROR;
				CLANG_WARN_QUOTED_INCLUDE_IN_FRAMEWORK_HEADER = YES;
				CLANG_WARN_RANGE_LOOP_ANALYSIS = YES;
				CLANG_WARN_STRICT_PROTOTYPES = YES;
				CLANG_WARN_SUSPICIOUS_MOVE = YES;
				CLANG_WARN_UNGUARDED_AVAILABILITY = YES_AGGRESSIVE;
				CLANG_WARN_UNREACHABLE_CODE = YES;
				CLANG_WARN__DUPLICATE_METHOD_MATCH = YES;
				COPY_PHASE_STRIP = NO;
				DEBUG_INFORMATION_FORMAT = "dwarf-with-dsym";
				ENABLE_NS_ASSERTIONS = NO;
				ENABLE_STRICT_OBJC_MSGSEND = YES;
				GCC_C_LANGUAGE_STANDARD = gnu11;
				GCC_NO_COMMON_BLOCKS = YES;
				GCC_WARN_64_TO_32_BIT_CONVERSION = YES;
				GCC_WARN_ABOUT_RETURN_TYPE = YES_ERROR;
				GCC_WARN_UNDECLARED_SELECTOR = YES;
				GCC_WARN_UNINITIALIZED_AUTOS = YES_AGGRESSIVE;
				GCC_WARN_UNUSED_FUNCTION = YES;
				GCC_WARN_UNUSED_VARIABLE = YES;
				IPHONEOS_DEPLOYMENT_TARGET = 14.4;
				MTL_ENABLE_DEBUG_INFO = NO;
				MTL_FAST_MATH = YES;
				SDKROOT = iphoneos;
				SWIFT_COMPILATION_MODE = wholemodule;
				SWIFT_OPTIMIZATION_LEVEL = "-O";
				VALIDATE_PRODUCT = YES;
			};
			name = Release;
		};
		5EF9755726280A9E00661738 /* Debug */ = {
			isa = XCBuildConfiguration;
			buildSettings = {
				ASSETCATALOG_COMPILER_APPICON_NAME = AppIcon;
				ASSETCATALOG_COMPILER_GLOBAL_ACCENT_COLOR_NAME = AccentColor;
				CODE_SIGN_STYLE = Automatic;
				DEVELOPMENT_TEAM = 4U69X8PPXR;
				INFOPLIST_FILE = ChitChatClub/Info.plist;
				LD_RUNPATH_SEARCH_PATHS = (
					"$(inherited)",
					"@executable_path/Frameworks",
				);
				PRODUCT_BUNDLE_IDENTIFIER = com.gmail.poo3gumi.ChitChatClub;
				PRODUCT_NAME = "$(TARGET_NAME)";
				SWIFT_VERSION = 5.0;
				TARGETED_DEVICE_FAMILY = "1,2";
			};
			name = Debug;
		};
		5EF9755826280A9E00661738 /* Release */ = {
			isa = XCBuildConfiguration;
			buildSettings = {
				ASSETCATALOG_COMPILER_APPICON_NAME = AppIcon;
				ASSETCATALOG_COMPILER_GLOBAL_ACCENT_COLOR_NAME = AccentColor;
				CODE_SIGN_STYLE = Automatic;
				DEVELOPMENT_TEAM = 4U69X8PPXR;
				INFOPLIST_FILE = ChitChatClub/Info.plist;
				LD_RUNPATH_SEARCH_PATHS = (
					"$(inherited)",
					"@executable_path/Frameworks",
				);
				PRODUCT_BUNDLE_IDENTIFIER = com.gmail.poo3gumi.ChitChatClub;
				PRODUCT_NAME = "$(TARGET_NAME)";
				SWIFT_VERSION = 5.0;
				TARGETED_DEVICE_FAMILY = "1,2";
			};
			name = Release;
		};
/* End XCBuildConfiguration section */

/* Begin XCConfigurationList section */
		5EF9753D26280A9C00661738 /* Build configuration list for PBXProject "ChitChatClub" */ = {
			isa = XCConfigurationList;
			buildConfigurations = (
				5EF9755426280A9E00661738 /* Debug */,
				5EF9755526280A9E00661738 /* Release */,
			);
			defaultConfigurationIsVisible = 0;
			defaultConfigurationName = Release;
		};
		5EF9755626280A9E00661738 /* Build configuration list for PBXNativeTarget "ChitChatClub" */ = {
			isa = XCConfigurationList;
			buildConfigurations = (
				5EF9755726280A9E00661738 /* Debug */,
				5EF9755826280A9E00661738 /* Release */,
			);
			defaultConfigurationIsVisible = 0;
			defaultConfigurationName = Release;
		};
/* End XCConfigurationList section */
	};
	rootObject = 5EF9753A26280A9C00661738 /* Project object */;
}
